
Microsoft Visual Studio Solution File, Format Version 12.00
# Visual Studio Version 16
VisualStudioVersion = 16.0.29209.62
MinimumVisualStudioVersion = 10.0.40219.1
Project("{9A19103F-16F7-4668-BE54-9A1E7A4F7556}") = "TheWeatherApp", "TheWeatherApp\TheWeatherApp.csproj", "{3A5DD2FF-7548-48DB-9D0B-C790E87B6A4C}"
EndProject
Project("{9A19103F-16F7-4668-BE54-9A1E7A4F7556}") = "Weather.Services", "Weather.Services\Weather.Services.csproj", "{38778A6D-5AFF-4B7D-9944-4EF13CBFEB7F}"
EndProject
Global
	GlobalSection(SolutionConfigurationPlatforms) = preSolution
		Debug|Any CPU = Debug|Any CPU
		Release|Any CPU = Release|Any CPU
	EndGlobalSection
	GlobalSection(ProjectConfigurationPlatforms) = postSolution
		{3A5DD2FF-7548-48DB-9D0B-C790E87B6A4C}.Debug|Any CPU.ActiveCfg = Debug|Any CPU
		{3A5DD2FF-7548-48DB-9D0B-C790E87B6A4C}.Debug|Any CPU.Build.0 = Debug|Any CPU
		{3A5DD2FF-7548-48DB-9D0B-C790E87B6A4C}.Release|Any CPU.ActiveCfg = Release|Any CPU
		{3A5DD2FF-7548-48DB-9D0B-C790E87B6A4C}.Release|Any CPU.Build.0 = Release|Any CPU
		{38778A6D-5AFF-4B7D-9944-4EF13CBFEB7F}.Debug|Any CPU.ActiveCfg = Debug|Any CPU
		{38778A6D-5AFF-4B7D-9944-4EF13CBFEB7F}.Debug|Any CPU.Build.0 = Debug|Any CPU
		{38778A6D-5AFF-4B7D-9944-4EF13CBFEB7F}.Release|Any CPU.ActiveCfg = Release|Any CPU
		{38778A6D-5AFF-4B7D-9944-4EF13CBFEB7F}.Release|Any CPU.Build.0 = Release|Any CPU
	EndGlobalSection
	GlobalSection(SolutionProperties) = preSolution
		HideSolutionNode = FALSE
	EndGlobalSection
	GlobalSection(ExtensibilityGlobals) = postSolution
		SolutionGuid = {E04BFD8F-6E95-41DE-85E9-ACBC8A4EAAFE}
	EndGlobalSection
EndGlobal
